
Microsoft Visual Studio Solution File, Format Version 12.00
# Visual Studio Version 17
VisualStudioVersion = 17.1.32421.90
MinimumVisualStudioVersion = 10.0.40219.1
Project("{FAE04EC0-301F-11D3-BF4B-00C04F79EFBC}") = "HelpDesk", "HelpDesk\HelpDesk.csproj", "{3D91E711-845D-48A4-8003-3C3D19906DB0}"
EndProject
Global
	GlobalSection(SolutionConfigurationPlatforms) = preSolution
		Debug|Any CPU = Debug|Any CPU
		Release|Any CPU = Release|Any CPU
	EndGlobalSection
	GlobalSection(ProjectConfigurationPlatforms) = postSolution
		{3D91E711-845D-48A4-8003-3C3D19906DB0}.Debug|Any CPU.ActiveCfg = Debug|Any CPU
		{3D91E711-845D-48A4-8003-3C3D19906DB0}.Debug|Any CPU.Build.0 = Debug|Any CPU
		{3D91E711-845D-48A4-8003-3C3D19906DB0}.Release|Any CPU.ActiveCfg = Release|Any CPU
		{3D91E711-845D-48A4-8003-3C3D19906DB0}.Release|Any CPU.Build.0 = Release|Any CPU
	EndGlobalSection
	GlobalSection(SolutionProperties) = preSolution
		HideSolutionNode = FALSE
	EndGlobalSection
	GlobalSection(ExtensibilityGlobals) = postSolution
		SolutionGuid = {79FBDA74-44FB-48F1-8FA6-BBABF4C090B5}
	EndGlobalSection
EndGlobal
